// !$*UTF8*$!
{
	archiveVersion = 1;
	classes = {
	};
	objectVersion = 46;
	objects = {

/* Begin PBXBuildFile section */
		46591CEC1E73D24B004C7402 /* basisImageCell.xib in Resources */ = {isa = PBXBuildFile; fileRef = 46591CEB1E73D24B004C7402 /* basisImageCell.xib */; };
		46591CEE1E741D65004C7402 /* BIgImageCell.xib in Resources */ = {isa = PBXBuildFile; fileRef = 46591CED1E741D65004C7402 /* BIgImageCell.xib */; };
		46591CF51E7424A3004C7402 /* imagesCell.xib in Resources */ = {isa = PBXBuildFile; fileRef = 46591CF41E7424A3004C7402 /* imagesCell.xib */; };
		46591CFB1E74261E004C7402 /* ImagesModel.m in Sources */ = {isa = PBXBuildFile; fileRef = 46591CFA1E74261E004C7402 /* ImagesModel.m */; };
		466D54B81E72BA0D0075B44B /* main.m in Sources */ = {isa = PBXBuildFile; fileRef = 466D54B71E72BA0D0075B44B /* main.m */; };
		466D54BB1E72BA0D0075B44B /* AppDelegate.m in Sources */ = {isa = PBXBuildFile; fileRef = 466D54BA1E72BA0D0075B44B /* AppDelegate.m */; };
		466D54C31E72BA0D0075B44B /* Assets.xcassets in Resources */ = {isa = PBXBuildFile; fileRef = 466D54C21E72BA0D0075B44B /* Assets.xcassets */; };
		466D54C61E72BA0D0075B44B /* LaunchScreen.storyboard in Resources */ = {isa = PBXBuildFile; fileRef = 466D54C41E72BA0D0075B44B /* LaunchScreen.storyboard */; };
		466D54D71E72C12D0075B44B /* MyNavigationController.m in Sources */ = {isa = PBXBuildFile; fileRef = 466D54D61E72C12D0075B44B /* MyNavigationController.m */; };
		466D54DF1E72C2560075B44B /* HomeViewController.m in Sources */ = {isa = PBXBuildFile; fileRef = 466D54DE1E72C2560075B44B /* HomeViewController.m */; };
		466D54E21E72C2EE0075B44B /* ChannelScrollView.m in Sources */ = {isa = PBXBuildFile; fileRef = 466D54E11E72C2EE0075B44B /* ChannelScrollView.m */; };
		466D56EE1E72C4670075B44B /* NewsCollectionView.m in Sources */ = {isa = PBXBuildFile; fileRef = 466D56ED1E72C4670075B44B /* NewsCollectionView.m */; };
		466D56F11E72C7890075B44B /* NewsFlowLayout.m in Sources */ = {isa = PBXBuildFile; fileRef = 466D56F01E72C7890075B44B /* NewsFlowLayout.m */; };
		466D56F31E72CA620075B44B /* topic_news.json in Resources */ = {isa = PBXBuildFile; fileRef = 466D56F21E72CA620075B44B /* topic_news.json */; };
		466D56F61E72CB960075B44B /* ChannelModel.m in Sources */ = {isa = PBXBuildFile; fileRef = 466D56F51E72CB960075B44B /* ChannelModel.m */; };
		466D56F91E72D8660075B44B /* NewsCollectionCell.m in Sources */ = {isa = PBXBuildFile; fileRef = 466D56F81E72D8660075B44B /* NewsCollectionCell.m */; };
		466D56FC1E72DA130075B44B /* NewsShowTableViewController.m in Sources */ = {isa = PBXBuildFile; fileRef = 466D56FB1E72DA130075B44B /* NewsShowTableViewController.m */; };
		466D56FF1E72DC310075B44B /* NewsShowCell.m in Sources */ = {isa = PBXBuildFile; fileRef = 466D56FE1E72DC310075B44B /* NewsShowCell.m */; };
		466D57031E72DE4C0075B44B /* NetworkTools.m in Sources */ = {isa = PBXBuildFile; fileRef = 466D57021E72DE4C0075B44B /* NetworkTools.m */; };
		466D57061E72E5830075B44B /* NewsModel.m in Sources */ = {isa = PBXBuildFile; fileRef = 466D57051E72E5830075B44B /* NewsModel.m */; };
		7F63223D60E96F352E1A68E9 /* libPods-NetNews.a in Frameworks */ = {isa = PBXBuildFile; fileRef = AA73BFAF118B37AEE8EDB9A4 /* libPods-NetNews.a */; };
/* End PBXBuildFile section */

/* Begin PBXFileReference section */
		46591CEB1E73D24B004C7402 /* basisImageCell.xib */ = {isa = PBXFileReference; fileEncoding = 4; lastKnownFileType = file.xib; path = basisImageCell.xib; sourceTree = "<group>"; };
		46591CED1E741D65004C7402 /* BIgImageCell.xib */ = {isa = PBXFileReference; fileEncoding = 4; lastKnownFileType = file.xib; path = BIgImageCell.xib; sourceTree = "<group>"; };
		46591CF41E7424A3004C7402 /* imagesCell.xib */ = {isa = PBXFileReference; fileEncoding = 4; lastKnownFileType = file.xib; path = imagesCell.xib; sourceTree = "<group>"; };
		46591CF91E74261E004C7402 /* ImagesModel.h */ = {isa = PBXFileReference; fileEncoding = 4; lastKnownFileType = sourcecode.c.h; name = ImagesModel.h; path = ../Controller/ImagesModel.h; sourceTree = "<group>"; };
		46591CFA1E74261E004C7402 /* ImagesModel.m */ = {isa = PBXFileReference; fileEncoding = 4; lastKnownFileType = sourcecode.c.objc; name = ImagesModel.m; path = ../Controller/ImagesModel.m; sourceTree = "<group>"; };
		466D54B31E72BA0D0075B44B /* NetNews.app */ = {isa = PBXFileReference; explicitFileType = wrapper.application; includeInIndex = 0; path = NetNews.app; sourceTree = BUILT_PRODUCTS_DIR; };
		466D54B71E72BA0D0075B44B /* main.m */ = {isa = PBXFileReference; lastKnownFileType = sourcecode.c.objc; path = main.m; sourceTree = "<group>"; };
		466D54B91E72BA0D0075B44B /* AppDelegate.h */ = {isa = PBXFileReference; lastKnownFileType = sourcecode.c.h; path = AppDelegate.h; sourceTree = "<group>"; };
		466D54BA1E72BA0D0075B44B /* AppDelegate.m */ = {isa = PBXFileReference; lastKnownFileType = sourcecode.c.objc; path = AppDelegate.m; sourceTree = "<group>"; };
		466D54C21E72BA0D0075B44B /* Assets.xcassets */ = {isa = PBXFileReference; lastKnownFileType = folder.assetcatalog; path = Assets.xcassets; sourceTree = "<group>"; };
		466D54C51E72BA0D0075B44B /* Base */ = {isa = PBXFileReference; lastKnownFileType = file.storyboard; name = Base; path = Base.lproj/LaunchScreen.storyboard; sourceTree = "<group>"; };
		466D54C71E72BA0D0075B44B /* Info.plist */ = {isa = PBXFileReference; lastKnownFileType = text.plist.xml; path = Info.plist; sourceTree = "<group>"; };
		466D54D51E72C12D0075B44B /* MyNavigationController.h */ = {isa = PBXFileReference; fileEncoding = 4; lastKnownFileType = sourcecode.c.h; path = MyNavigationController.h; sourceTree = "<group>"; };
		466D54D61E72C12D0075B44B /* MyNavigationController.m */ = {isa = PBXFileReference; fileEncoding = 4; lastKnownFileType = sourcecode.c.objc; path = MyNavigationController.m; sourceTree = "<group>"; };
		466D54DD1E72C2560075B44B /* HomeViewController.h */ = {isa = PBXFileReference; fileEncoding = 4; lastKnownFileType = sourcecode.c.h; path = HomeViewController.h; sourceTree = "<group>"; };
		466D54DE1E72C2560075B44B /* HomeViewController.m */ = {isa = PBXFileReference; fileEncoding = 4; lastKnownFileType = sourcecode.c.objc; path = HomeViewController.m; sourceTree = "<group>"; };
		466D54E01E72C2EE0075B44B /* ChannelScrollView.h */ = {isa = PBXFileReference; fileEncoding = 4; lastKnownFileType = sourcecode.c.h; path = ChannelScrollView.h; sourceTree = "<group>"; };
		466D54E11E72C2EE0075B44B /* ChannelScrollView.m */ = {isa = PBXFileReference; fileEncoding = 4; lastKnownFileType = sourcecode.c.objc; path = ChannelScrollView.m; sourceTree = "<group>"; };
		466D56EC1E72C4670075B44B /* NewsCollectionView.h */ = {isa = PBXFileReference; fileEncoding = 4; lastKnownFileType = sourcecode.c.h; path = NewsCollectionView.h; sourceTree = "<group>"; };
		466D56ED1E72C4670075B44B /* NewsCollectionView.m */ = {isa = PBXFileReference; fileEncoding = 4; lastKnownFileType = sourcecode.c.objc; path = NewsCollectionView.m; sourceTree = "<group>"; };
		466D56EF1E72C7890075B44B /* NewsFlowLayout.h */ = {isa = PBXFileReference; fileEncoding = 4; lastKnownFileType = sourcecode.c.h; path = NewsFlowLayout.h; sourceTree = "<group>"; };
		466D56F01E72C7890075B44B /* NewsFlowLayout.m */ = {isa = PBXFileReference; fileEncoding = 4; lastKnownFileType = sourcecode.c.objc; path = NewsFlowLayout.m; sourceTree = "<group>"; };
		466D56F21E72CA620075B44B /* topic_news.json */ = {isa = PBXFileReference; fileEncoding = 4; lastKnownFileType = text.json; path = topic_news.json; sourceTree = "<group>"; };
		466D56F41E72CB960075B44B /* ChannelModel.h */ = {isa = PBXFileReference; fileEncoding = 4; lastKnownFileType = sourcecode.c.h; path = ChannelModel.h; sourceTree = "<group>"; };
		466D56F51E72CB960075B44B /* ChannelModel.m */ = {isa = PBXFileReference; fileEncoding = 4; lastKnownFileType = sourcecode.c.objc; path = ChannelModel.m; sourceTree = "<group>"; };
		466D56F71E72D8660075B44B /* NewsCollectionCell.h */ = {isa = PBXFileReference; fileEncoding = 4; lastKnownFileType = sourcecode.c.h; path = NewsCollectionCell.h; sourceTree = "<group>"; };
		466D56F81E72D8660075B44B /* NewsCollectionCell.m */ = {isa = PBXFileReference; fileEncoding = 4; lastKnownFileType = sourcecode.c.objc; path = NewsCollectionCell.m; sourceTree = "<group>"; };
		466D56FA1E72DA130075B44B /* NewsShowTableViewController.h */ = {isa = PBXFileReference; fileEncoding = 4; lastKnownFileType = sourcecode.c.h; path = NewsShowTableViewController.h; sourceTree = "<group>"; };
		466D56FB1E72DA130075B44B /* NewsShowTableViewController.m */ = {isa = PBXFileReference; fileEncoding = 4; lastKnownFileType = sourcecode.c.objc; path = NewsShowTableViewController.m; sourceTree = "<group>"; };
		466D56FD1E72DC310075B44B /* NewsShowCell.h */ = {isa = PBXFileReference; fileEncoding = 4; lastKnownFileType = sourcecode.c.h; path = NewsShowCell.h; sourceTree = "<group>"; };
		466D56FE1E72DC310075B44B /* NewsShowCell.m */ = {isa = PBXFileReference; fileEncoding = 4; lastKnownFileType = sourcecode.c.objc; lineEnding = 1; path = NewsShowCell.m; sourceTree = "<group>"; };
		466D57011E72DE4C0075B44B /* NetworkTools.h */ = {isa = PBXFileReference; fileEncoding = 4; lastKnownFileType = sourcecode.c.h; path = NetworkTools.h; sourceTree = "<group>"; };
		466D57021E72DE4C0075B44B /* NetworkTools.m */ = {isa = PBXFileReference; fileEncoding = 4; lastKnownFileType = sourcecode.c.objc; path = NetworkTools.m; sourceTree = "<group>"; };
		466D57041E72E5830075B44B /* NewsModel.h */ = {isa = PBXFileReference; fileEncoding = 4; lastKnownFileType = sourcecode.c.h; path = NewsModel.h; sourceTree = "<group>"; };
		466D57051E72E5830075B44B /* NewsModel.m */ = {isa = PBXFileReference; fileEncoding = 4; lastKnownFileType = sourcecode.c.objc; path = NewsModel.m; sourceTree = "<group>"; };
		A1BB4E7F74AA7A0A3511C47F /* Pods-NetNews.debug.xcconfig */ = {isa = PBXFileReference; includeInIndex = 1; lastKnownFileType = text.xcconfig; name = "Pods-NetNews.debug.xcconfig"; path = "Pods/Target Support Files/Pods-NetNews/Pods-NetNews.debug.xcconfig"; sourceTree = "<group>"; };
		AA73BFAF118B37AEE8EDB9A4 /* libPods-NetNews.a */ = {isa = PBXFileReference; explicitFileType = archive.ar; includeInIndex = 0; path = "libPods-NetNews.a"; sourceTree = BUILT_PRODUCTS_DIR; };
		C72010648B9A8AE6774A375F /* Pods-NetNews.release.xcconfig */ = {isa = PBXFileReference; includeInIndex = 1; lastKnownFileType = text.xcconfig; name = "Pods-NetNews.release.xcconfig"; path = "Pods/Target Support Files/Pods-NetNews/Pods-NetNews.release.xcconfig"; sourceTree = "<group>"; };
/* End PBXFileReference section */

/* Begin PBXFrameworksBuildPhase section */
		466D54B01E72BA0D0075B44B /* Frameworks */ = {
			isa = PBXFrameworksBuildPhase;
			buildActionMask = 2147483647;
			files = (
				7F63223D60E96F352E1A68E9 /* libPods-NetNews.a in Frameworks */,
			);
			runOnlyForDeploymentPostprocessing = 0;
		};
/* End PBXFrameworksBuildPhase section */

/* Begin PBXGroup section */
		466D54AA1E72BA0D0075B44B = {
			isa = PBXGroup;
			children = (
				BD59A148CF85AE25EA1BC7D9 /* Frameworks */,
				466D54B51E72BA0D0075B44B /* NetNews */,
				595D63085D54E944011D922B /* Pods */,
				466D54B41E72BA0D0075B44B /* Products */,
			);
			sourceTree = "<group>";
		};
		466D54B41E72BA0D0075B44B /* Products */ = {
			isa = PBXGroup;
			children = (
				466D54B31E72BA0D0075B44B /* NetNews.app */,
			);
			name = Products;
			sourceTree = "<group>";
		};
		466D54B51E72BA0D0075B44B /* NetNews */ = {
			isa = PBXGroup;
			children = (
				466D54CD1E72BF4B0075B44B /* Clesses */,
				466D54D31E72BF4B0075B44B /* Libs */,
				466D54D41E72BF4B0075B44B /* Other */,
				466D54B61E72BA0D0075B44B /* Supporting Files */,
				466D57001E72DE240075B44B /* Tools */,
				466D54C21E72BA0D0075B44B /* Assets.xcassets */,
				466D54C71E72BA0D0075B44B /* Info.plist */,
				466D54C41E72BA0D0075B44B /* LaunchScreen.storyboard */,
			);
			path = NetNews;
			sourceTree = "<group>";
		};
		466D54B61E72BA0D0075B44B /* Supporting Files */ = {
			isa = PBXGroup;
			children = (
				466D54B71E72BA0D0075B44B /* main.m */,
			);
			path = "Supporting Files";
			sourceTree = "<group>";
		};
		466D54CD1E72BF4B0075B44B /* Clesses */ = {
			isa = PBXGroup;
			children = (
				466D54CE1E72BF4B0075B44B /* Main */,
				466D54D81E72C1470075B44B /* Home */,
			);
			path = Clesses;
			sourceTree = "<group>";
		};
		466D54CE1E72BF4B0075B44B /* Main */ = {
			isa = PBXGroup;
			children = (
				466D54CF1E72BF4B0075B44B /* Controller */,
				466D54D01E72BF4B0075B44B /* Model */,
				466D54D11E72BF4B0075B44B /* Other */,
				466D54D21E72BF4B0075B44B /* View */,
			);
			path = Main;
			sourceTree = "<group>";
		};
		466D54CF1E72BF4B0075B44B /* Controller */ = {
			isa = PBXGroup;
			children = (
				466D54D51E72C12D0075B44B /* MyNavigationController.h */,
				466D54D61E72C12D0075B44B /* MyNavigationController.m */,
			);
			path = Controller;
			sourceTree = "<group>";
		};
		466D54D01E72BF4B0075B44B /* Model */ = {
			isa = PBXGroup;
			children = (
			);
			path = Model;
			sourceTree = "<group>";
		};
		466D54D11E72BF4B0075B44B /* Other */ = {
			isa = PBXGroup;
			children = (
			);
			path = Other;
			sourceTree = "<group>";
		};
		466D54D21E72BF4B0075B44B /* View */ = {
			isa = PBXGroup;
			children = (
			);
			path = View;
			sourceTree = "<group>";
		};
		466D54D31E72BF4B0075B44B /* Libs */ = {
			isa = PBXGroup;
			children = (
			);
			path = Libs;
			sourceTree = "<group>";
		};
		466D54D41E72BF4B0075B44B /* Other */ = {
			isa = PBXGroup;
			children = (
				466D54B91E72BA0D0075B44B /* AppDelegate.h */,
				466D54BA1E72BA0D0075B44B /* AppDelegate.m */,
			);
			path = Other;
			sourceTree = "<group>";
		};
		466D54D81E72C1470075B44B /* Home */ = {
			isa = PBXGroup;
			children = (
				466D54D91E72C20D0075B44B /* Controller */,
				466D54DA1E72C2140075B44B /* Model */,
				466D54DB1E72C21A0075B44B /* Other */,
				466D54DC1E72C21F0075B44B /* View */,
			);
			path = Home;
			sourceTree = "<group>";
		};
		466D54D91E72C20D0075B44B /* Controller */ = {
			isa = PBXGroup;
			children = (
				466D54DD1E72C2560075B44B /* HomeViewController.h */,
				466D54DE1E72C2560075B44B /* HomeViewController.m */,
				466D56FA1E72DA130075B44B /* NewsShowTableViewController.h */,
				466D56FB1E72DA130075B44B /* NewsShowTableViewController.m */,
			);
			path = Controller;
			sourceTree = "<group>";
		};
		466D54DA1E72C2140075B44B /* Model */ = {
			isa = PBXGroup;
			children = (
				46591CF91E74261E004C7402 /* ImagesModel.h */,
				46591CFA1E74261E004C7402 /* ImagesModel.m */,
				466D56F41E72CB960075B44B /* ChannelModel.h */,
				466D56F51E72CB960075B44B /* ChannelModel.m */,
				466D57041E72E5830075B44B /* NewsModel.h */,
				466D57051E72E5830075B44B /* NewsModel.m */,
			);
			path = Model;
			sourceTree = "<group>";
		};
		466D54DB1E72C21A0075B44B /* Other */ = {
			isa = PBXGroup;
			children = (
				466D56F21E72CA620075B44B /* topic_news.json */,
			);
			path = Other;
			sourceTree = "<group>";
		};
		466D54DC1E72C21F0075B44B /* View */ = {
			isa = PBXGroup;
			children = (
				466D54E01E72C2EE0075B44B /* ChannelScrollView.h */,
				466D54E11E72C2EE0075B44B /* ChannelScrollView.m */,
				466D56F71E72D8660075B44B /* NewsCollectionCell.h */,
				466D56F81E72D8660075B44B /* NewsCollectionCell.m */,
				466D56EC1E72C4670075B44B /* NewsCollectionView.h */,
				466D56ED1E72C4670075B44B /* NewsCollectionView.m */,
				466D56EF1E72C7890075B44B /* NewsFlowLayout.h */,
				466D56F01E72C7890075B44B /* NewsFlowLayout.m */,
				466D56FD1E72DC310075B44B /* NewsShowCell.h */,
				466D56FE1E72DC310075B44B /* NewsShowCell.m */,
				46591CEB1E73D24B004C7402 /* basisImageCell.xib */,
				46591CED1E741D65004C7402 /* BIgImageCell.xib */,
				46591CF41E7424A3004C7402 /* imagesCell.xib */,
			);
			path = View;
			sourceTree = "<group>";
		};
		466D57001E72DE240075B44B /* Tools */ = {
			isa = PBXGroup;
			children = (
				466D57011E72DE4C0075B44B /* NetworkTools.h */,
				466D57021E72DE4C0075B44B /* NetworkTools.m */,
			);
			path = Tools;
			sourceTree = "<group>";
		};
		595D63085D54E944011D922B /* Pods */ = {
			isa = PBXGroup;
			children = (
				A1BB4E7F74AA7A0A3511C47F /* Pods-NetNews.debug.xcconfig */,
				C72010648B9A8AE6774A375F /* Pods-NetNews.release.xcconfig */,
			);
			name = Pods;
			sourceTree = "<group>";
		};
		BD59A148CF85AE25EA1BC7D9 /* Frameworks */ = {
			isa = PBXGroup;
			children = (
				AA73BFAF118B37AEE8EDB9A4 /* libPods-NetNews.a */,
			);
			name = Frameworks;
			sourceTree = "<group>";
		};
/* End PBXGroup section */

/* Begin PBXNativeTarget section */
		466D54B21E72BA0D0075B44B /* NetNews */ = {
			isa = PBXNativeTarget;
			buildConfigurationList = 466D54CA1E72BA0D0075B44B /* Build configuration list for PBXNativeTarget "NetNews" */;
			buildPhases = (
				FC3D1B20DB33D1F8FFFFACF4 /* [CP] Check Pods Manifest.lock */,
				466D54AF1E72BA0D0075B44B /* Sources */,
				466D54B01E72BA0D0075B44B /* Frameworks */,
				466D54B11E72BA0D0075B44B /* Resources */,
				017D6BA629A3456D3F58E453 /* [CP] Embed Pods Frameworks */,
				301CFC1793A8D0AB1B4E430E /* [CP] Copy Pods Resources */,
			);
			buildRules = (
			);
			dependencies = (
			);
			name = NetNews;
			productName = NetNews;
			productReference = 466D54B31E72BA0D0075B44B /* NetNews.app */;
			productType = "com.apple.product-type.application";
		};
/* End PBXNativeTarget section */

/* Begin PBXProject section */
		466D54AB1E72BA0D0075B44B /* Project object */ = {
			isa = PBXProject;
			attributes = {
				LastUpgradeCheck = 0820;
				ORGANIZATIONNAME = Yuanfei;
				TargetAttributes = {
					466D54B21E72BA0D0075B44B = {
						CreatedOnToolsVersion = 8.2;
						ProvisioningStyle = Automatic;
					};
				};
			};
			buildConfigurationList = 466D54AE1E72BA0D0075B44B /* Build configuration list for PBXProject "NetNews" */;
			compatibilityVersion = "Xcode 3.2";
			developmentRegion = English;
			hasScannedForEncodings = 0;
			knownRegions = (
				en,
				Base,
			);
			mainGroup = 466D54AA1E72BA0D0075B44B;
			productRefGroup = 466D54B41E72BA0D0075B44B /* Products */;
			projectDirPath = "";
			projectRoot = "";
			targets = (
				466D54B21E72BA0D0075B44B /* NetNews */,
			);
		};
/* End PBXProject section */

/* Begin PBXResourcesBuildPhase section */
		466D54B11E72BA0D0075B44B /* Resources */ = {
			isa = PBXResourcesBuildPhase;
			buildActionMask = 2147483647;
			files = (
				46591CEC1E73D24B004C7402 /* basisImageCell.xib in Resources */,
				466D56F31E72CA620075B44B /* topic_news.json in Resources */,
				46591CEE1E741D65004C7402 /* BIgImageCell.xib in Resources */,
				466D54C61E72BA0D0075B44B /* LaunchScreen.storyboard in Resources */,
				466D54C31E72BA0D0075B44B /* Assets.xcassets in Resources */,
				46591CF51E7424A3004C7402 /* imagesCell.xib in Resources */,
			);
			runOnlyForDeploymentPostprocessing = 0;
		};
/* End PBXResourcesBuildPhase section */

/* Begin PBXShellScriptBuildPhase section */
		017D6BA629A3456D3F58E453 /* [CP] Embed Pods Frameworks */ = {
			isa = PBXShellScriptBuildPhase;
			buildActionMask = 2147483647;
			files = (
			);
			inputPaths = (
			);
			name = "[CP] Embed Pods Frameworks";
			outputPaths = (
			);
			runOnlyForDeploymentPostprocessing = 0;
			shellPath = /bin/sh;
			shellScript = "\"${SRCROOT}/Pods/Target Support Files/Pods-NetNews/Pods-NetNews-frameworks.sh\"\n";
			showEnvVarsInLog = 0;
		};
		301CFC1793A8D0AB1B4E430E /* [CP] Copy Pods Resources */ = {
			isa = PBXShellScriptBuildPhase;
			buildActionMask = 2147483647;
			files = (
			);
			inputPaths = (
			);
			name = "[CP] Copy Pods Resources";
			outputPaths = (
			);
			runOnlyForDeploymentPostprocessing = 0;
			shellPath = /bin/sh;
			shellScript = "\"${SRCROOT}/Pods/Target Support Files/Pods-NetNews/Pods-NetNews-resources.sh\"\n";
			showEnvVarsInLog = 0;
		};
		FC3D1B20DB33D1F8FFFFACF4 /* [CP] Check Pods Manifest.lock */ = {
			isa = PBXShellScriptBuildPhase;
			buildActionMask = 2147483647;
			files = (
			);
			inputPaths = (
			);
			name = "[CP] Check Pods Manifest.lock";
			outputPaths = (
			);
			runOnlyForDeploymentPostprocessing = 0;
			shellPath = /bin/sh;
			shellScript = "diff \"${PODS_ROOT}/../Podfile.lock\" \"${PODS_ROOT}/Manifest.lock\" > /dev/null\nif [ $? != 0 ] ; then\n    # print error to STDERR\n    echo \"error: The sandbox is not in sync with the Podfile.lock. Run 'pod install' or update your CocoaPods installation.\" >&2\n    exit 1\nfi\n";
			showEnvVarsInLog = 0;
		};
/* End PBXShellScriptBuildPhase section */

/* Begin PBXSourcesBuildPhase section */
		466D54AF1E72BA0D0075B44B /* Sources */ = {
			isa = PBXSourcesBuildPhase;
			buildActionMask = 2147483647;
			files = (
				466D57031E72DE4C0075B44B /* NetworkTools.m in Sources */,
				466D54D71E72C12D0075B44B /* MyNavigationController.m in Sources */,
				466D54BB1E72BA0D0075B44B /* AppDelegate.m in Sources */,
				466D56F91E72D8660075B44B /* NewsCollectionCell.m in Sources */,
				466D56FC1E72DA130075B44B /* NewsShowTableViewController.m in Sources */,
				466D54B81E72BA0D0075B44B /* main.m in Sources */,
				466D56F61E72CB960075B44B /* ChannelModel.m in Sources */,
				46591CFB1E74261E004C7402 /* ImagesModel.m in Sources */,
				466D54E21E72C2EE0075B44B /* ChannelScrollView.m in Sources */,
				466D54DF1E72C2560075B44B /* HomeViewController.m in Sources */,
				466D57061E72E5830075B44B /* NewsModel.m in Sources */,
				466D56F11E72C7890075B44B /* NewsFlowLayout.m in Sources */,
				466D56FF1E72DC310075B44B /* NewsShowCell.m in Sources */,
				466D56EE1E72C4670075B44B /* NewsCollectionView.m in Sources */,
			);
			runOnlyForDeploymentPostprocessing = 0;
		};
/* End PBXSourcesBuildPhase section */

/* Begin PBXVariantGroup section */
		466D54C41E72BA0D0075B44B /* LaunchScreen.storyboard */ = {
			isa = PBXVariantGroup;
			children = (
				466D54C51E72BA0D0075B44B /* Base */,
			);
			name = LaunchScreen.storyboard;
			path = .;
			sourceTree = "<group>";
		};
/* End PBXVariantGroup section */

/* Begin XCBuildConfiguration section */
		466D54C81E72BA0D0075B44B /* Debug */ = {
			isa = XCBuildConfiguration;
			buildSettings = {
				ALWAYS_SEARCH_USER_PATHS = NO;
				CLANG_ANALYZER_NONNULL = YES;
				CLANG_CXX_LANGUAGE_STANDARD = "gnu++0x";
				CLANG_CXX_LIBRARY = "libc++";
				CLANG_ENABLE_MODULES = YES;
				CLANG_ENABLE_OBJC_ARC = YES;
				CLANG_WARN_BOOL_CONVERSION = YES;
				CLANG_WARN_CONSTANT_CONVERSION = YES;
				CLANG_WARN_DIRECT_OBJC_ISA_USAGE = YES_ERROR;
				CLANG_WARN_DOCUMENTATION_COMMENTS = YES;
				CLANG_WARN_EMPTY_BODY = YES;
				CLANG_WARN_ENUM_CONVERSION = YES;
				CLANG_WARN_INFINITE_RECURSION = YES;
				CLANG_WARN_INT_CONVERSION = YES;
				CLANG_WARN_OBJC_ROOT_CLASS = YES_ERROR;
				CLANG_WARN_SUSPICIOUS_MOVE = YES;
				CLANG_WARN_UNREACHABLE_CODE = YES;
				CLANG_WARN__DUPLICATE_METHOD_MATCH = YES;
				"CODE_SIGN_IDENTITY[sdk=iphoneos*]" = "iPhone Developer";
				COPY_PHASE_STRIP = NO;
				DEBUG_INFORMATION_FORMAT = dwarf;
				ENABLE_STRICT_OBJC_MSGSEND = YES;
				ENABLE_TESTABILITY = YES;
				GCC_C_LANGUAGE_STANDARD = gnu99;
				GCC_DYNAMIC_NO_PIC = NO;
				GCC_NO_COMMON_BLOCKS = YES;
				GCC_OPTIMIZATION_LEVEL = 0;
				GCC_PREPROCESSOR_DEFINITIONS = (
					"DEBUG=1",
					"$(inherited)",
				);
				GCC_WARN_64_TO_32_BIT_CONVERSION = YES;
				GCC_WARN_ABOUT_RETURN_TYPE = YES_ERROR;
				GCC_WARN_UNDECLARED_SELECTOR = YES;
				GCC_WARN_UNINITIALIZED_AUTOS = YES_AGGRESSIVE;
				GCC_WARN_UNUSED_FUNCTION = YES;
				GCC_WARN_UNUSED_VARIABLE = YES;
				IPHONEOS_DEPLOYMENT_TARGET = 10.2;
				MTL_ENABLE_DEBUG_INFO = YES;
				ONLY_ACTIVE_ARCH = YES;
				SDKROOT = iphoneos;
			};
			name = Debug;
		};
		466D54C91E72BA0D0075B44B /* Release */ = {
			isa = XCBuildConfiguration;
			buildSettings = {
				ALWAYS_SEARCH_USER_PATHS = NO;
				CLANG_ANALYZER_NONNULL = YES;
				CLANG_CXX_LANGUAGE_STANDARD = "gnu++0x";
				CLANG_CXX_LIBRARY = "libc++";
				CLANG_ENABLE_MODULES = YES;
				CLANG_ENABLE_OBJC_ARC = YES;
				CLANG_WARN_BOOL_CONVERSION = YES;
				CLANG_WARN_CONSTANT_CONVERSION = YES;
				CLANG_WARN_DIRECT_OBJC_ISA_USAGE = YES_ERROR;
				CLANG_WARN_DOCUMENTATION_COMMENTS = YES;
				CLANG_WARN_EMPTY_BODY = YES;
				CLANG_WARN_ENUM_CONVERSION = YES;
				CLANG_WARN_INFINITE_RECURSION = YES;
				CLANG_WARN_INT_CONVERSION = YES;
				CLANG_WARN_OBJC_ROOT_CLASS = YES_ERROR;
				CLANG_WARN_SUSPICIOUS_MOVE = YES;
				CLANG_WARN_UNREACHABLE_CODE = YES;
				CLANG_WARN__DUPLICATE_METHOD_MATCH = YES;
				"CODE_SIGN_IDENTITY[sdk=iphoneos*]" = "iPhone Developer";
				COPY_PHASE_STRIP = NO;
				DEBUG_INFORMATION_FORMAT = "dwarf-with-dsym";
				ENABLE_NS_ASSERTIONS = NO;
				ENABLE_STRICT_OBJC_MSGSEND = YES;
				GCC_C_LANGUAGE_STANDARD = gnu99;
				GCC_NO_COMMON_BLOCKS = YES;
				GCC_WARN_64_TO_32_BIT_CONVERSION = YES;
				GCC_WARN_ABOUT_RETURN_TYPE = YES_ERROR;
				GCC_WARN_UNDECLARED_SELECTOR = YES;
				GCC_WARN_UNINITIALIZED_AUTOS = YES_AGGRESSIVE;
				GCC_WARN_UNUSED_FUNCTION = YES;
				GCC_WARN_UNUSED_VARIABLE = YES;
				IPHONEOS_DEPLOYMENT_TARGET = 10.2;
				MTL_ENABLE_DEBUG_INFO = NO;
				SDKROOT = iphoneos;
				VALIDATE_PRODUCT = YES;
			};
			name = Release;
		};
		466D54CB1E72BA0D0075B44B /* Debug */ = {
			isa = XCBuildConfiguration;
			baseConfigurationReference = A1BB4E7F74AA7A0A3511C47F /* Pods-NetNews.debug.xcconfig */;
			buildSettings = {
				ASSETCATALOG_COMPILER_APPICON_NAME = AppIcon;
				INFOPLIST_FILE = NetNews/Info.plist;
				IPHONEOS_DEPLOYMENT_TARGET = 9.0;
				LD_RUNPATH_SEARCH_PATHS = "$(inherited) @executable_path/Frameworks";
				PRODUCT_BUNDLE_IDENTIFIER = Yuanfei.NetNews;
				PRODUCT_NAME = "$(TARGET_NAME)";
			};
			name = Debug;
		};
		466D54CC1E72BA0D0075B44B /* Release */ = {
			isa = XCBuildConfiguration;
			baseConfigurationReference = C72010648B9A8AE6774A375F /* Pods-NetNews.release.xcconfig */;
			buildSettings = {
				ASSETCATALOG_COMPILER_APPICON_NAME = AppIcon;
				INFOPLIST_FILE = NetNews/Info.plist;
				IPHONEOS_DEPLOYMENT_TARGET = 9.0;
				LD_RUNPATH_SEARCH_PATHS = "$(inherited) @executable_path/Frameworks";
				PRODUCT_BUNDLE_IDENTIFIER = Yuanfei.NetNews;
				PRODUCT_NAME = "$(TARGET_NAME)";
			};
			name = Release;
		};
/* End XCBuildConfiguration section */

/* Begin XCConfigurationList section */
		466D54AE1E72BA0D0075B44B /* Build configuration list for PBXProject "NetNews" */ = {
			isa = XCConfigurationList;
			buildConfigurations = (
				466D54C81E72BA0D0075B44B /* Debug */,
				466D54C91E72BA0D0075B44B /* Release */,
			);
			defaultConfigurationIsVisible = 0;
			defaultConfigurationName = Release;
		};
		466D54CA1E72BA0D0075B44B /* Build configuration list for PBXNativeTarget "NetNews" */ = {
			isa = XCConfigurationList;
			buildConfigurations = (
				466D54CB1E72BA0D0075B44B /* Debug */,
				466D54CC1E72BA0D0075B44B /* Release */,
			);
			defaultConfigurationIsVisible = 0;
			defaultConfigurationName = Release;
		};
/* End XCConfigurationList section */
	};
	rootObject = 466D54AB1E72BA0D0075B44B /* Project object */;
}
